
Microsoft Visual Studio Solution File, Format Version 12.00
# Visual Studio Version 17
VisualStudioVersion = 17.3.32825.248
MinimumVisualStudioVersion = 10.0.40219.1
Project("{FAE04EC0-301F-11D3-BF4B-00C04F79EFBC}") = "Lab4_1", "Lab4_1\Lab4_1.csproj", "{F230DB9D-FC9B-4829-972E-387D61CD10D5}"
EndProject
Global
	GlobalSection(SolutionConfigurationPlatforms) = preSolution
		Debug|Any CPU = Debug|Any CPU
		Release|Any CPU = Release|Any CPU
	EndGlobalSection
	GlobalSection(ProjectConfigurationPlatforms) = postSolution
		{F230DB9D-FC9B-4829-972E-387D61CD10D5}.Debug|Any CPU.ActiveCfg = Debug|Any CPU
		{F230DB9D-FC9B-4829-972E-387D61CD10D5}.Debug|Any CPU.Build.0 = Debug|Any CPU
		{F230DB9D-FC9B-4829-972E-387D61CD10D5}.Release|Any CPU.ActiveCfg = Release|Any CPU
		{F230DB9D-FC9B-4829-972E-387D61CD10D5}.Release|Any CPU.Build.0 = Release|Any CPU
	EndGlobalSection
	GlobalSection(SolutionProperties) = preSolution
		HideSolutionNode = FALSE
	EndGlobalSection
	GlobalSection(ExtensibilityGlobals) = postSolution
		SolutionGuid = {4CB9B7E8-B24A-4452-9A9B-F787E8395FD5}
	EndGlobalSection
EndGlobal
